
Microsoft Visual Studio Solution File, Format Version 12.00
# Visual Studio Version 16
VisualStudioVersion = 16.0.30011.22
MinimumVisualStudioVersion = 10.0.40219.1
Project("{FAE04EC0-301F-11D3-BF4B-00C04F79EFBC}") = "uppgifter Arvid GH", "uppgifter Arvid GH.csproj", "{6727473D-9AD5-4EB1-8C63-D736190CD74A}"
EndProject
Global
	GlobalSection(SolutionConfigurationPlatforms) = preSolution
		Debug|Any CPU = Debug|Any CPU
		Release|Any CPU = Release|Any CPU
	EndGlobalSection
	GlobalSection(ProjectConfigurationPlatforms) = postSolution
		{6727473D-9AD5-4EB1-8C63-D736190CD74A}.Debug|Any CPU.ActiveCfg = Debug|Any CPU
		{6727473D-9AD5-4EB1-8C63-D736190CD74A}.Debug|Any CPU.Build.0 = Debug|Any CPU
		{6727473D-9AD5-4EB1-8C63-D736190CD74A}.Release|Any CPU.ActiveCfg = Release|Any CPU
		{6727473D-9AD5-4EB1-8C63-D736190CD74A}.Release|Any CPU.Build.0 = Release|Any CPU
	EndGlobalSection
	GlobalSection(SolutionProperties) = preSolution
		HideSolutionNode = FALSE
	EndGlobalSection
	GlobalSection(ExtensibilityGlobals) = postSolution
		SolutionGuid = {EE228703-E455-4C04-B0CE-9B1508C8A601}
	EndGlobalSection
EndGlobal
